// !$*UTF8*$!
{
	archiveVersion = 1;
	classes = {
	};
	objectVersion = 56;
	objects = {

/* Begin PBXBuildFile section */
		1853DC0C2C01F21E001E9D2C /* AppDelegate.swift in Sources */ = {isa = PBXBuildFile; fileRef = 1853DC0B2C01F21E001E9D2C /* AppDelegate.swift */; };
		1853DC0E2C01F21E001E9D2C /* SceneDelegate.swift in Sources */ = {isa = PBXBuildFile; fileRef = 1853DC0D2C01F21E001E9D2C /* SceneDelegate.swift */; };
		1853DC102C01F21E001E9D2C /* ViewController.swift in Sources */ = {isa = PBXBuildFile; fileRef = 1853DC0F2C01F21E001E9D2C /* ViewController.swift */; };
		1853DC152C01F221001E9D2C /* Assets.xcassets in Resources */ = {isa = PBXBuildFile; fileRef = 1853DC142C01F221001E9D2C /* Assets.xcassets */; };
		1853DC182C01F221001E9D2C /* LaunchScreen.storyboard in Resources */ = {isa = PBXBuildFile; fileRef = 1853DC162C01F221001E9D2C /* LaunchScreen.storyboard */; };
		1853DC242C01F77B001E9D2C /* BaseViewController.swift in Sources */ = {isa = PBXBuildFile; fileRef = 1853DC232C01F77B001E9D2C /* BaseViewController.swift */; };
		1853DC262C01F7AE001E9D2C /* BaseView.swift in Sources */ = {isa = PBXBuildFile; fileRef = 1853DC252C01F7AE001E9D2C /* BaseView.swift */; };
		1853DC292C01FEE8001E9D2C /* PersonCollectionViewCell.swift in Sources */ = {isa = PBXBuildFile; fileRef = 1853DC282C01FEE8001E9D2C /* PersonCollectionViewCell.swift */; };
		1853DC2C2C02016D001E9D2C /* NetworkService.swift in Sources */ = {isa = PBXBuildFile; fileRef = 1853DC2B2C02016D001E9D2C /* NetworkService.swift */; };
		1853DC2E2C020197001E9D2C /* PersonsDTO.swift in Sources */ = {isa = PBXBuildFile; fileRef = 1853DC2D2C020197001E9D2C /* PersonsDTO.swift */; };
		1853DC302C02034A001E9D2C /* Constant.swift in Sources */ = {isa = PBXBuildFile; fileRef = 1853DC2F2C02034A001E9D2C /* Constant.swift */; };
		1853DC322C0204FB001E9D2C /* DowloadImage.swift in Sources */ = {isa = PBXBuildFile; fileRef = 1853DC312C0204FB001E9D2C /* DowloadImage.swift */; };
		1853DC342C020988001E9D2C /* PersonDetails.swift in Sources */ = {isa = PBXBuildFile; fileRef = 1853DC332C020988001E9D2C /* PersonDetails.swift */; };
/* End PBXBuildFile section */

/* Begin PBXFileReference section */
		1853DC082C01F21E001E9D2C /* GeeksProTest.app */ = {isa = PBXFileReference; explicitFileType = wrapper.application; includeInIndex = 0; path = GeeksProTest.app; sourceTree = BUILT_PRODUCTS_DIR; };
		1853DC0B2C01F21E001E9D2C /* AppDelegate.swift */ = {isa = PBXFileReference; lastKnownFileType = sourcecode.swift; path = AppDelegate.swift; sourceTree = "<group>"; };
		1853DC0D2C01F21E001E9D2C /* SceneDelegate.swift */ = {isa = PBXFileReference; lastKnownFileType = sourcecode.swift; path = SceneDelegate.swift; sourceTree = "<group>"; };
		1853DC0F2C01F21E001E9D2C /* ViewController.swift */ = {isa = PBXFileReference; lastKnownFileType = sourcecode.swift; path = ViewController.swift; sourceTree = "<group>"; };
		1853DC142C01F221001E9D2C /* Assets.xcassets */ = {isa = PBXFileReference; lastKnownFileType = folder.assetcatalog; path = Assets.xcassets; sourceTree = "<group>"; };
		1853DC172C01F221001E9D2C /* Base */ = {isa = PBXFileReference; lastKnownFileType = file.storyboard; name = Base; path = Base.lproj/LaunchScreen.storyboard; sourceTree = "<group>"; };
		1853DC192C01F221001E9D2C /* Info.plist */ = {isa = PBXFileReference; lastKnownFileType = text.plist.xml; path = Info.plist; sourceTree = "<group>"; };
		1853DC232C01F77B001E9D2C /* BaseViewController.swift */ = {isa = PBXFileReference; lastKnownFileType = sourcecode.swift; path = BaseViewController.swift; sourceTree = "<group>"; };
		1853DC252C01F7AE001E9D2C /* BaseView.swift */ = {isa = PBXFileReference; lastKnownFileType = sourcecode.swift; path = BaseView.swift; sourceTree = "<group>"; };
		1853DC282C01FEE8001E9D2C /* PersonCollectionViewCell.swift */ = {isa = PBXFileReference; lastKnownFileType = sourcecode.swift; path = PersonCollectionViewCell.swift; sourceTree = "<group>"; };
		1853DC2B2C02016D001E9D2C /* NetworkService.swift */ = {isa = PBXFileReference; lastKnownFileType = sourcecode.swift; path = NetworkService.swift; sourceTree = "<group>"; };
		1853DC2D2C020197001E9D2C /* PersonsDTO.swift */ = {isa = PBXFileReference; lastKnownFileType = sourcecode.swift; path = PersonsDTO.swift; sourceTree = "<group>"; };
		1853DC2F2C02034A001E9D2C /* Constant.swift */ = {isa = PBXFileReference; lastKnownFileType = sourcecode.swift; path = Constant.swift; sourceTree = "<group>"; };
		1853DC312C0204FB001E9D2C /* DowloadImage.swift */ = {isa = PBXFileReference; lastKnownFileType = sourcecode.swift; path = DowloadImage.swift; sourceTree = "<group>"; };
		1853DC332C020988001E9D2C /* PersonDetails.swift */ = {isa = PBXFileReference; lastKnownFileType = sourcecode.swift; path = PersonDetails.swift; sourceTree = "<group>"; };
/* End PBXFileReference section */

/* Begin PBXFrameworksBuildPhase section */
		1853DC052C01F21E001E9D2C /* Frameworks */ = {
			isa = PBXFrameworksBuildPhase;
			buildActionMask = 2147483647;
			files = (
			);
			runOnlyForDeploymentPostprocessing = 0;
		};
/* End PBXFrameworksBuildPhase section */

/* Begin PBXGroup section */
		1853DBFF2C01F21E001E9D2C = {
			isa = PBXGroup;
			children = (
				1853DC0A2C01F21E001E9D2C /* GeeksProTest */,
				1853DC092C01F21E001E9D2C /* Products */,
			);
			sourceTree = "<group>";
		};
		1853DC092C01F21E001E9D2C /* Products */ = {
			isa = PBXGroup;
			children = (
				1853DC082C01F21E001E9D2C /* GeeksProTest.app */,
			);
			name = Products;
			sourceTree = "<group>";
		};
		1853DC0A2C01F21E001E9D2C /* GeeksProTest */ = {
			isa = PBXGroup;
			children = (
				1853DC1F2C01F24E001E9D2C /* App */,
				1853DC2A2C020147001E9D2C /* Services */,
				1853DC202C01F25B001E9D2C /* Modules */,
				1853DC212C01F26B001E9D2C /* Recources */,
				1853DC192C01F221001E9D2C /* Info.plist */,
			);
			path = GeeksProTest;
			sourceTree = "<group>";
		};
		1853DC1F2C01F24E001E9D2C /* App */ = {
			isa = PBXGroup;
			children = (
				1853DC0B2C01F21E001E9D2C /* AppDelegate.swift */,
				1853DC0D2C01F21E001E9D2C /* SceneDelegate.swift */,
			);
			path = App;
			sourceTree = "<group>";
		};
		1853DC202C01F25B001E9D2C /* Modules */ = {
			isa = PBXGroup;
			children = (
				1853DC222C01F753001E9D2C /* Base */,
				1853DC272C01FCA7001E9D2C /* VC */,
			);
			path = Modules;
			sourceTree = "<group>";
		};
		1853DC212C01F26B001E9D2C /* Recources */ = {
			isa = PBXGroup;
			children = (
				1853DC142C01F221001E9D2C /* Assets.xcassets */,
				1853DC162C01F221001E9D2C /* LaunchScreen.storyboard */,
			);
			path = Recources;
			sourceTree = "<group>";
		};
		1853DC222C01F753001E9D2C /* Base */ = {
			isa = PBXGroup;
			children = (
				1853DC232C01F77B001E9D2C /* BaseViewController.swift */,
				1853DC252C01F7AE001E9D2C /* BaseView.swift */,
			);
			path = Base;
			sourceTree = "<group>";
		};
		1853DC272C01FCA7001E9D2C /* VC */ = {
			isa = PBXGroup;
			children = (
				1853DC0F2C01F21E001E9D2C /* ViewController.swift */,
				1853DC282C01FEE8001E9D2C /* PersonCollectionViewCell.swift */,
				1853DC332C020988001E9D2C /* PersonDetails.swift */,
			);
			path = VC;
			sourceTree = "<group>";
		};
		1853DC2A2C020147001E9D2C /* Services */ = {
			isa = PBXGroup;
			children = (
				1853DC2B2C02016D001E9D2C /* NetworkService.swift */,
				1853DC2D2C020197001E9D2C /* PersonsDTO.swift */,
				1853DC2F2C02034A001E9D2C /* Constant.swift */,
				1853DC312C0204FB001E9D2C /* DowloadImage.swift */,
			);
			path = Services;
			sourceTree = "<group>";
		};
/* End PBXGroup section */

/* Begin PBXNativeTarget section */
		1853DC072C01F21E001E9D2C /* GeeksProTest */ = {
			isa = PBXNativeTarget;
			buildConfigurationList = 1853DC1C2C01F221001E9D2C /* Build configuration list for PBXNativeTarget "GeeksProTest" */;
			buildPhases = (
				1853DC042C01F21E001E9D2C /* Sources */,
				1853DC052C01F21E001E9D2C /* Frameworks */,
				1853DC062C01F21E001E9D2C /* Resources */,
			);
			buildRules = (
			);
			dependencies = (
			);
			name = GeeksProTest;
			productName = GeeksProTest;
			productReference = 1853DC082C01F21E001E9D2C /* GeeksProTest.app */;
			productType = "com.apple.product-type.application";
		};
/* End PBXNativeTarget section */

/* Begin PBXProject section */
		1853DC002C01F21E001E9D2C /* Project object */ = {
			isa = PBXProject;
			attributes = {
				BuildIndependentTargetsInParallel = 1;
				LastSwiftUpdateCheck = 1520;
				LastUpgradeCheck = 1520;
				TargetAttributes = {
					1853DC072C01F21E001E9D2C = {
						CreatedOnToolsVersion = 15.2;
					};
				};
			};
			buildConfigurationList = 1853DC032C01F21E001E9D2C /* Build configuration list for PBXProject "GeeksProTest" */;
			compatibilityVersion = "Xcode 14.0";
			developmentRegion = en;
			hasScannedForEncodings = 0;
			knownRegions = (
				en,
				Base,
			);
			mainGroup = 1853DBFF2C01F21E001E9D2C;
			productRefGroup = 1853DC092C01F21E001E9D2C /* Products */;
			projectDirPath = "";
			projectRoot = "";
			targets = (
				1853DC072C01F21E001E9D2C /* GeeksProTest */,
			);
		};
/* End PBXProject section */

/* Begin PBXResourcesBuildPhase section */
		1853DC062C01F21E001E9D2C /* Resources */ = {
			isa = PBXResourcesBuildPhase;
			buildActionMask = 2147483647;
			files = (
				1853DC182C01F221001E9D2C /* LaunchScreen.storyboard in Resources */,
				1853DC152C01F221001E9D2C /* Assets.xcassets in Resources */,
			);
			runOnlyForDeploymentPostprocessing = 0;
		};
/* End PBXResourcesBuildPhase section */

/* Begin PBXSourcesBuildPhase section */
		1853DC042C01F21E001E9D2C /* Sources */ = {
			isa = PBXSourcesBuildPhase;
			buildActionMask = 2147483647;
			files = (
				1853DC102C01F21E001E9D2C /* ViewController.swift in Sources */,
				1853DC292C01FEE8001E9D2C /* PersonCollectionViewCell.swift in Sources */,
				1853DC302C02034A001E9D2C /* Constant.swift in Sources */,
				1853DC242C01F77B001E9D2C /* BaseViewController.swift in Sources */,
				1853DC262C01F7AE001E9D2C /* BaseView.swift in Sources */,
				1853DC2E2C020197001E9D2C /* PersonsDTO.swift in Sources */,
				1853DC322C0204FB001E9D2C /* DowloadImage.swift in Sources */,
				1853DC342C020988001E9D2C /* PersonDetails.swift in Sources */,
				1853DC0C2C01F21E001E9D2C /* AppDelegate.swift in Sources */,
				1853DC0E2C01F21E001E9D2C /* SceneDelegate.swift in Sources */,
				1853DC2C2C02016D001E9D2C /* NetworkService.swift in Sources */,
			);
			runOnlyForDeploymentPostprocessing = 0;
		};
/* End PBXSourcesBuildPhase section */

/* Begin PBXVariantGroup section */
		1853DC162C01F221001E9D2C /* LaunchScreen.storyboard */ = {
			isa = PBXVariantGroup;
			children = (
				1853DC172C01F221001E9D2C /* Base */,
			);
			name = LaunchScreen.storyboard;
			sourceTree = "<group>";
		};
/* End PBXVariantGroup section */

/* Begin XCBuildConfiguration section */
		1853DC1A2C01F221001E9D2C /* Debug */ = {
			isa = XCBuildConfiguration;
			buildSettings = {
				ALWAYS_SEARCH_USER_PATHS = NO;
				ASSETCATALOG_COMPILER_GENERATE_SWIFT_ASSET_SYMBOL_EXTENSIONS = YES;
				CLANG_ANALYZER_NONNULL = YES;
				CLANG_ANALYZER_NUMBER_OBJECT_CONVERSION = YES_AGGRESSIVE;
				CLANG_CXX_LANGUAGE_STANDARD = "gnu++20";
				CLANG_ENABLE_MODULES = YES;
				CLANG_ENABLE_OBJC_ARC = YES;
				CLANG_ENABLE_OBJC_WEAK = YES;
				CLANG_WARN_BLOCK_CAPTURE_AUTORELEASING = YES;
				CLANG_WARN_BOOL_CONVERSION = YES;
				CLANG_WARN_COMMA = YES;
				CLANG_WARN_CONSTANT_CONVERSION = YES;
				CLANG_WARN_DEPRECATED_OBJC_IMPLEMENTATIONS = YES;
				CLANG_WARN_DIRECT_OBJC_ISA_USAGE = YES_ERROR;
				CLANG_WARN_DOCUMENTATION_COMMENTS = YES;
				CLANG_WARN_EMPTY_BODY = YES;
				CLANG_WARN_ENUM_CONVERSION = YES;
				CLANG_WARN_INFINITE_RECURSION = YES;
				CLANG_WARN_INT_CONVERSION = YES;
				CLANG_WARN_NON_LITERAL_NULL_CONVERSION = YES;
				CLANG_WARN_OBJC_IMPLICIT_RETAIN_SELF = YES;
				CLANG_WARN_OBJC_LITERAL_CONVERSION = YES;
				CLANG_WARN_OBJC_ROOT_CLASS = YES_ERROR;
				CLANG_WARN_QUOTED_INCLUDE_IN_FRAMEWORK_HEADER = YES;
				CLANG_WARN_RANGE_LOOP_ANALYSIS = YES;
				CLANG_WARN_STRICT_PROTOTYPES = YES;
				CLANG_WARN_SUSPICIOUS_MOVE = YES;
				CLANG_WARN_UNGUARDED_AVAILABILITY = YES_AGGRESSIVE;
				CLANG_WARN_UNREACHABLE_CODE = YES;
				CLANG_WARN__DUPLICATE_METHOD_MATCH = YES;
				COPY_PHASE_STRIP = NO;
				DEBUG_INFORMATION_FORMAT = dwarf;
				ENABLE_STRICT_OBJC_MSGSEND = YES;
				ENABLE_TESTABILITY = YES;
				ENABLE_USER_SCRIPT_SANDBOXING = YES;
				GCC_C_LANGUAGE_STANDARD = gnu17;
				GCC_DYNAMIC_NO_PIC = NO;
				GCC_NO_COMMON_BLOCKS = YES;
				GCC_OPTIMIZATION_LEVEL = 0;
				GCC_PREPROCESSOR_DEFINITIONS = (
					"DEBUG=1",
					"$(inherited)",
				);
				GCC_WARN_64_TO_32_BIT_CONVERSION = YES;
				GCC_WARN_ABOUT_RETURN_TYPE = YES_ERROR;
				GCC_WARN_UNDECLARED_SELECTOR = YES;
				GCC_WARN_UNINITIALIZED_AUTOS = YES_AGGRESSIVE;
				GCC_WARN_UNUSED_FUNCTION = YES;
				GCC_WARN_UNUSED_VARIABLE = YES;
				IPHONEOS_DEPLOYMENT_TARGET = 17.2;
				LOCALIZATION_PREFERS_STRING_CATALOGS = YES;
				MTL_ENABLE_DEBUG_INFO = INCLUDE_SOURCE;
				MTL_FAST_MATH = YES;
				ONLY_ACTIVE_ARCH = YES;
				SDKROOT = iphoneos;
				SWIFT_ACTIVE_COMPILATION_CONDITIONS = "DEBUG $(inherited)";
				SWIFT_OPTIMIZATION_LEVEL = "-Onone";
			};
			name = Debug;
		};
		1853DC1B2C01F221001E9D2C /* Release */ = {
			isa = XCBuildConfiguration;
			buildSettings = {
				ALWAYS_SEARCH_USER_PATHS = NO;
				ASSETCATALOG_COMPILER_GENERATE_SWIFT_ASSET_SYMBOL_EXTENSIONS = YES;
				CLANG_ANALYZER_NONNULL = YES;
				CLANG_ANALYZER_NUMBER_OBJECT_CONVERSION = YES_AGGRESSIVE;
				CLANG_CXX_LANGUAGE_STANDARD = "gnu++20";
				CLANG_ENABLE_MODULES = YES;
				CLANG_ENABLE_OBJC_ARC = YES;
				CLANG_ENABLE_OBJC_WEAK = YES;
				CLANG_WARN_BLOCK_CAPTURE_AUTORELEASING = YES;
				CLANG_WARN_BOOL_CONVERSION = YES;
				CLANG_WARN_COMMA = YES;
				CLANG_WARN_CONSTANT_CONVERSION = YES;
				CLANG_WARN_DEPRECATED_OBJC_IMPLEMENTATIONS = YES;
				CLANG_WARN_DIRECT_OBJC_ISA_USAGE = YES_ERROR;
				CLANG_WARN_DOCUMENTATION_COMMENTS = YES;
				CLANG_WARN_EMPTY_BODY = YES;
				CLANG_WARN_ENUM_CONVERSION = YES;
				CLANG_WARN_INFINITE_RECURSION = YES;
				CLANG_WARN_INT_CONVERSION = YES;
				CLANG_WARN_NON_LITERAL_NULL_CONVERSION = YES;
				CLANG_WARN_OBJC_IMPLICIT_RETAIN_SELF = YES;
				CLANG_WARN_OBJC_LITERAL_CONVERSION = YES;
				CLANG_WARN_OBJC_ROOT_CLASS = YES_ERROR;
				CLANG_WARN_QUOTED_INCLUDE_IN_FRAMEWORK_HEADER = YES;
				CLANG_WARN_RANGE_LOOP_ANALYSIS = YES;
				CLANG_WARN_STRICT_PROTOTYPES = YES;
				CLANG_WARN_SUSPICIOUS_MOVE = YES;
				CLANG_WARN_UNGUARDED_AVAILABILITY = YES_AGGRESSIVE;
				CLANG_WARN_UNREACHABLE_CODE = YES;
				CLANG_WARN__DUPLICATE_METHOD_MATCH = YES;
				COPY_PHASE_STRIP = NO;
				DEBUG_INFORMATION_FORMAT = "dwarf-with-dsym";
				ENABLE_NS_ASSERTIONS = NO;
				ENABLE_STRICT_OBJC_MSGSEND = YES;
				ENABLE_USER_SCRIPT_SANDBOXING = YES;
				GCC_C_LANGUAGE_STANDARD = gnu17;
				GCC_NO_COMMON_BLOCKS = YES;
				GCC_WARN_64_TO_32_BIT_CONVERSION = YES;
				GCC_WARN_ABOUT_RETURN_TYPE = YES_ERROR;
				GCC_WARN_UNDECLARED_SELECTOR = YES;
				GCC_WARN_UNINITIALIZED_AUTOS = YES_AGGRESSIVE;
				GCC_WARN_UNUSED_FUNCTION = YES;
				GCC_WARN_UNUSED_VARIABLE = YES;
				IPHONEOS_DEPLOYMENT_TARGET = 17.2;
				LOCALIZATION_PREFERS_STRING_CATALOGS = YES;
				MTL_ENABLE_DEBUG_INFO = NO;
				MTL_FAST_MATH = YES;
				SDKROOT = iphoneos;
				SWIFT_COMPILATION_MODE = wholemodule;
				VALIDATE_PRODUCT = YES;
			};
			name = Release;
		};
		1853DC1D2C01F221001E9D2C /* Debug */ = {
			isa = XCBuildConfiguration;
			buildSettings = {
				ASSETCATALOG_COMPILER_APPICON_NAME = AppIcon;
				ASSETCATALOG_COMPILER_GLOBAL_ACCENT_COLOR_NAME = AccentColor;
				CODE_SIGN_STYLE = Automatic;
				CURRENT_PROJECT_VERSION = 1;
				GENERATE_INFOPLIST_FILE = YES;
				INFOPLIST_FILE = GeeksProTest/Info.plist;
				INFOPLIST_KEY_UIApplicationSupportsIndirectInputEvents = YES;
				INFOPLIST_KEY_UILaunchStoryboardName = LaunchScreen;
				INFOPLIST_KEY_UISupportedInterfaceOrientations_iPad = "UIInterfaceOrientationPortrait UIInterfaceOrientationPortraitUpsideDown UIInterfaceOrientationLandscapeLeft UIInterfaceOrientationLandscapeRight";
				INFOPLIST_KEY_UISupportedInterfaceOrientations_iPhone = "UIInterfaceOrientationPortrait UIInterfaceOrientationLandscapeLeft UIInterfaceOrientationLandscapeRight";
				LD_RUNPATH_SEARCH_PATHS = (
					"$(inherited)",
					"@executable_path/Frameworks",
				);
				MARKETING_VERSION = 1.0;
				PRODUCT_BUNDLE_IDENTIFIER = omurbekov.GeeksProTest;
				PRODUCT_NAME = "$(TARGET_NAME)";
				SWIFT_EMIT_LOC_STRINGS = YES;
				SWIFT_VERSION = 5.0;
				TARGETED_DEVICE_FAMILY = "1,2";
			};
			name = Debug;
		};
		1853DC1E2C01F221001E9D2C /* Release */ = {
			isa = XCBuildConfiguration;
			buildSettings = {
				ASSETCATALOG_COMPILER_APPICON_NAME = AppIcon;
				ASSETCATALOG_COMPILER_GLOBAL_ACCENT_COLOR_NAME = AccentColor;
				CODE_SIGN_STYLE = Automatic;
				CURRENT_PROJECT_VERSION = 1;
				GENERATE_INFOPLIST_FILE = YES;
				INFOPLIST_FILE = GeeksProTest/Info.plist;
				INFOPLIST_KEY_UIApplicationSupportsIndirectInputEvents = YES;
				INFOPLIST_KEY_UILaunchStoryboardName = LaunchScreen;
				INFOPLIST_KEY_UISupportedInterfaceOrientations_iPad = "UIInterfaceOrientationPortrait UIInterfaceOrientationPortraitUpsideDown UIInterfaceOrientationLandscapeLeft UIInterfaceOrientationLandscapeRight";
				INFOPLIST_KEY_UISupportedInterfaceOrientations_iPhone = "UIInterfaceOrientationPortrait UIInterfaceOrientationLandscapeLeft UIInterfaceOrientationLandscapeRight";
				LD_RUNPATH_SEARCH_PATHS = (
					"$(inherited)",
					"@executable_path/Frameworks",
				);
				MARKETING_VERSION = 1.0;
				PRODUCT_BUNDLE_IDENTIFIER = omurbekov.GeeksProTest;
				PRODUCT_NAME = "$(TARGET_NAME)";
				SWIFT_EMIT_LOC_STRINGS = YES;
				SWIFT_VERSION = 5.0;
				TARGETED_DEVICE_FAMILY = "1,2";
			};
			name = Release;
		};
/* End XCBuildConfiguration section */

/* Begin XCConfigurationList section */
		1853DC032C01F21E001E9D2C /* Build configuration list for PBXProject "GeeksProTest" */ = {
			isa = XCConfigurationList;
			buildConfigurations = (
				1853DC1A2C01F221001E9D2C /* Debug */,
				1853DC1B2C01F221001E9D2C /* Release */,
			);
			defaultConfigurationIsVisible = 0;
			defaultConfigurationName = Release;
		};
		1853DC1C2C01F221001E9D2C /* Build configuration list for PBXNativeTarget "GeeksProTest" */ = {
			isa = XCConfigurationList;
			buildConfigurations = (
				1853DC1D2C01F221001E9D2C /* Debug */,
				1853DC1E2C01F221001E9D2C /* Release */,
			);
			defaultConfigurationIsVisible = 0;
			defaultConfigurationName = Release;
		};
/* End XCConfigurationList section */
	};
	rootObject = 1853DC002C01F21E001E9D2C /* Project object */;
}
